
Microsoft Visual Studio Solution File, Format Version 12.00
# Visual Studio Version 16
VisualStudioVersion = 16.0.30011.22
MinimumVisualStudioVersion = 10.0.40219.1
Project("{FAE04EC0-301F-11D3-BF4B-00C04F79EFBC}") = "GitHub_Test1", "GitHub_Test1.csproj", "{B3770086-74BB-449F-974B-3ABA58C6F136}"
EndProject
Global
	GlobalSection(SolutionConfigurationPlatforms) = preSolution
		Debug|Any CPU = Debug|Any CPU
		Release|Any CPU = Release|Any CPU
	EndGlobalSection
	GlobalSection(ProjectConfigurationPlatforms) = postSolution
		{B3770086-74BB-449F-974B-3ABA58C6F136}.Debug|Any CPU.ActiveCfg = Debug|Any CPU
		{B3770086-74BB-449F-974B-3ABA58C6F136}.Debug|Any CPU.Build.0 = Debug|Any CPU
		{B3770086-74BB-449F-974B-3ABA58C6F136}.Release|Any CPU.ActiveCfg = Release|Any CPU
		{B3770086-74BB-449F-974B-3ABA58C6F136}.Release|Any CPU.Build.0 = Release|Any CPU
	EndGlobalSection
	GlobalSection(SolutionProperties) = preSolution
		HideSolutionNode = FALSE
	EndGlobalSection
	GlobalSection(ExtensibilityGlobals) = postSolution
		SolutionGuid = {7B01C9F5-8A3A-4BEB-9283-030A13B13926}
	EndGlobalSection
EndGlobal
